// !$*UTF8*$!
{
	archiveVersion = 1;
	classes = {
	};
	objectVersion = 48;
	objects = {

/* Begin PBXBuildFile section */
		4A526DD42097DC4D00104DF0 /* NovedadesVC.swift in Sources */ = {isa = PBXBuildFile; fileRef = 4A526DD32097DC4D00104DF0 /* NovedadesVC.swift */; };
		4A526DD62097DE3000104DF0 /* TableViewCell.swift in Sources */ = {isa = PBXBuildFile; fileRef = 4A526DD52097DE3000104DF0 /* TableViewCell.swift */; };
		4A526DD82097E39900104DF0 /* BusquedaVC.swift in Sources */ = {isa = PBXBuildFile; fileRef = 4A526DD72097E39900104DF0 /* BusquedaVC.swift */; };
		4A526DDA2097E44B00104DF0 /* TableViewCellBusqueda.swift in Sources */ = {isa = PBXBuildFile; fileRef = 4A526DD92097E44B00104DF0 /* TableViewCellBusqueda.swift */; };
		4A526DDC2097E75700104DF0 /* PreferenciasVC.swift in Sources */ = {isa = PBXBuildFile; fileRef = 4A526DDB2097E75700104DF0 /* PreferenciasVC.swift */; };
		4A526DDE2097E76B00104DF0 /* TableViewCellPreferencias.swift in Sources */ = {isa = PBXBuildFile; fileRef = 4A526DDD2097E76B00104DF0 /* TableViewCellPreferencias.swift */; };
		4A526DE02098542F00104DF0 /* BusquedaAvanzadaVC.swift in Sources */ = {isa = PBXBuildFile; fileRef = 4A526DDF2098542F00104DF0 /* BusquedaAvanzadaVC.swift */; };
		4AB42B6C2088E7B6007F2B30 /* AppDelegate.swift in Sources */ = {isa = PBXBuildFile; fileRef = 4AB42B6B2088E7B6007F2B30 /* AppDelegate.swift */; };
		4AB42B6E2088E7B6007F2B30 /* ViewController.swift in Sources */ = {isa = PBXBuildFile; fileRef = 4AB42B6D2088E7B6007F2B30 /* ViewController.swift */; };
		4AB42B712088E7B6007F2B30 /* Main.storyboard in Resources */ = {isa = PBXBuildFile; fileRef = 4AB42B6F2088E7B6007F2B30 /* Main.storyboard */; };
		4AB42B732088E7B6007F2B30 /* Assets.xcassets in Resources */ = {isa = PBXBuildFile; fileRef = 4AB42B722088E7B6007F2B30 /* Assets.xcassets */; };
		4AB42B762088E7B6007F2B30 /* LaunchScreen.storyboard in Resources */ = {isa = PBXBuildFile; fileRef = 4AB42B742088E7B6007F2B30 /* LaunchScreen.storyboard */; };
		4AB42B7E2088F853007F2B30 /* SugerirTiendaVC.swift in Sources */ = {isa = PBXBuildFile; fileRef = 4AB42B7D2088F853007F2B30 /* SugerirTiendaVC.swift */; };
		4AB42B8020890312007F2B30 /* MiPerfilVC.swift in Sources */ = {isa = PBXBuildFile; fileRef = 4AB42B7F20890312007F2B30 /* MiPerfilVC.swift */; };
/* End PBXBuildFile section */

/* Begin PBXFileReference section */
		4A526DD32097DC4D00104DF0 /* NovedadesVC.swift */ = {isa = PBXFileReference; lastKnownFileType = sourcecode.swift; path = NovedadesVC.swift; sourceTree = "<group>"; };
		4A526DD52097DE3000104DF0 /* TableViewCell.swift */ = {isa = PBXFileReference; lastKnownFileType = sourcecode.swift; path = TableViewCell.swift; sourceTree = "<group>"; };
		4A526DD72097E39900104DF0 /* BusquedaVC.swift */ = {isa = PBXFileReference; lastKnownFileType = sourcecode.swift; path = BusquedaVC.swift; sourceTree = "<group>"; };
		4A526DD92097E44B00104DF0 /* TableViewCellBusqueda.swift */ = {isa = PBXFileReference; lastKnownFileType = sourcecode.swift; path = TableViewCellBusqueda.swift; sourceTree = "<group>"; };
		4A526DDB2097E75700104DF0 /* PreferenciasVC.swift */ = {isa = PBXFileReference; lastKnownFileType = sourcecode.swift; path = PreferenciasVC.swift; sourceTree = "<group>"; };
		4A526DDD2097E76B00104DF0 /* TableViewCellPreferencias.swift */ = {isa = PBXFileReference; lastKnownFileType = sourcecode.swift; path = TableViewCellPreferencias.swift; sourceTree = "<group>"; };
		4A526DDF2098542F00104DF0 /* BusquedaAvanzadaVC.swift */ = {isa = PBXFileReference; lastKnownFileType = sourcecode.swift; path = BusquedaAvanzadaVC.swift; sourceTree = "<group>"; };
		4AB42B682088E7B6007F2B30 /* BuscaTech.app */ = {isa = PBXFileReference; explicitFileType = wrapper.application; includeInIndex = 0; path = BuscaTech.app; sourceTree = BUILT_PRODUCTS_DIR; };
		4AB42B6B2088E7B6007F2B30 /* AppDelegate.swift */ = {isa = PBXFileReference; lastKnownFileType = sourcecode.swift; path = AppDelegate.swift; sourceTree = "<group>"; };
		4AB42B6D2088E7B6007F2B30 /* ViewController.swift */ = {isa = PBXFileReference; lastKnownFileType = sourcecode.swift; path = ViewController.swift; sourceTree = "<group>"; };
		4AB42B702088E7B6007F2B30 /* Base */ = {isa = PBXFileReference; lastKnownFileType = file.storyboard; name = Base; path = Base.lproj/Main.storyboard; sourceTree = "<group>"; };
		4AB42B722088E7B6007F2B30 /* Assets.xcassets */ = {isa = PBXFileReference; lastKnownFileType = folder.assetcatalog; path = Assets.xcassets; sourceTree = "<group>"; };
		4AB42B752088E7B6007F2B30 /* Base */ = {isa = PBXFileReference; lastKnownFileType = file.storyboard; name = Base; path = Base.lproj/LaunchScreen.storyboard; sourceTree = "<group>"; };
		4AB42B772088E7B6007F2B30 /* Info.plist */ = {isa = PBXFileReference; lastKnownFileType = text.plist.xml; path = Info.plist; sourceTree = "<group>"; };
		4AB42B7D2088F853007F2B30 /* SugerirTiendaVC.swift */ = {isa = PBXFileReference; lastKnownFileType = sourcecode.swift; path = SugerirTiendaVC.swift; sourceTree = "<group>"; };
		4AB42B7F20890312007F2B30 /* MiPerfilVC.swift */ = {isa = PBXFileReference; lastKnownFileType = sourcecode.swift; path = MiPerfilVC.swift; sourceTree = "<group>"; };
/* End PBXFileReference section */

/* Begin PBXFrameworksBuildPhase section */
		4AB42B652088E7B6007F2B30 /* Frameworks */ = {
			isa = PBXFrameworksBuildPhase;
			buildActionMask = 2147483647;
			files = (
			);
			runOnlyForDeploymentPostprocessing = 0;
		};
/* End PBXFrameworksBuildPhase section */

/* Begin PBXGroup section */
		4AB42B5F2088E7B6007F2B30 = {
			isa = PBXGroup;
			children = (
				4AB42B6A2088E7B6007F2B30 /* BuscaTech */,
				4AB42B692088E7B6007F2B30 /* Products */,
			);
			sourceTree = "<group>";
		};
		4AB42B692088E7B6007F2B30 /* Products */ = {
			isa = PBXGroup;
			children = (
				4AB42B682088E7B6007F2B30 /* BuscaTech.app */,
			);
			name = Products;
			sourceTree = "<group>";
		};
		4AB42B6A2088E7B6007F2B30 /* BuscaTech */ = {
			isa = PBXGroup;
			children = (
				4AB42B6B2088E7B6007F2B30 /* AppDelegate.swift */,
				4AB42B6D2088E7B6007F2B30 /* ViewController.swift */,
				4AB42B6F2088E7B6007F2B30 /* Main.storyboard */,
				4A526DDF2098542F00104DF0 /* BusquedaAvanzadaVC.swift */,
				4A526DD92097E44B00104DF0 /* TableViewCellBusqueda.swift */,
				4A526DD72097E39900104DF0 /* BusquedaVC.swift */,
				4A526DDB2097E75700104DF0 /* PreferenciasVC.swift */,
				4A526DDD2097E76B00104DF0 /* TableViewCellPreferencias.swift */,
				4AB42B722088E7B6007F2B30 /* Assets.xcassets */,
				4AB42B742088E7B6007F2B30 /* LaunchScreen.storyboard */,
				4AB42B772088E7B6007F2B30 /* Info.plist */,
				4AB42B7D2088F853007F2B30 /* SugerirTiendaVC.swift */,
				4AB42B7F20890312007F2B30 /* MiPerfilVC.swift */,
				4A526DD32097DC4D00104DF0 /* NovedadesVC.swift */,
				4A526DD52097DE3000104DF0 /* TableViewCell.swift */,
			);
			path = BuscaTech;
			sourceTree = "<group>";
		};
/* End PBXGroup section */

/* Begin PBXNativeTarget section */
		4AB42B672088E7B6007F2B30 /* BuscaTech */ = {
			isa = PBXNativeTarget;
			buildConfigurationList = 4AB42B7A2088E7B6007F2B30 /* Build configuration list for PBXNativeTarget "BuscaTech" */;
			buildPhases = (
				4AB42B642088E7B6007F2B30 /* Sources */,
				4AB42B652088E7B6007F2B30 /* Frameworks */,
				4AB42B662088E7B6007F2B30 /* Resources */,
			);
			buildRules = (
			);
			dependencies = (
			);
			name = BuscaTech;
			productName = BuscaTech;
			productReference = 4AB42B682088E7B6007F2B30 /* BuscaTech.app */;
			productType = "com.apple.product-type.application";
		};
/* End PBXNativeTarget section */

/* Begin PBXProject section */
		4AB42B602088E7B6007F2B30 /* Project object */ = {
			isa = PBXProject;
			attributes = {
				LastSwiftUpdateCheck = 0920;
				LastUpgradeCheck = 0920;
				ORGANIZATIONNAME = BuscaTech;
				TargetAttributes = {
					4AB42B672088E7B6007F2B30 = {
						CreatedOnToolsVersion = 9.2;
						ProvisioningStyle = Automatic;
					};
				};
			};
			buildConfigurationList = 4AB42B632088E7B6007F2B30 /* Build configuration list for PBXProject "BuscaTech" */;
			compatibilityVersion = "Xcode 8.0";
			developmentRegion = en;
			hasScannedForEncodings = 0;
			knownRegions = (
				en,
				Base,
			);
			mainGroup = 4AB42B5F2088E7B6007F2B30;
			productRefGroup = 4AB42B692088E7B6007F2B30 /* Products */;
			projectDirPath = "";
			projectRoot = "";
			targets = (
				4AB42B672088E7B6007F2B30 /* BuscaTech */,
			);
		};
/* End PBXProject section */

/* Begin PBXResourcesBuildPhase section */
		4AB42B662088E7B6007F2B30 /* Resources */ = {
			isa = PBXResourcesBuildPhase;
			buildActionMask = 2147483647;
			files = (
				4AB42B762088E7B6007F2B30 /* LaunchScreen.storyboard in Resources */,
				4AB42B732088E7B6007F2B30 /* Assets.xcassets in Resources */,
				4AB42B712088E7B6007F2B30 /* Main.storyboard in Resources */,
			);
			runOnlyForDeploymentPostprocessing = 0;
		};
/* End PBXResourcesBuildPhase section */

/* Begin PBXSourcesBuildPhase section */
		4AB42B642088E7B6007F2B30 /* Sources */ = {
			isa = PBXSourcesBuildPhase;
			buildActionMask = 2147483647;
			files = (
				4A526DDE2097E76B00104DF0 /* TableViewCellPreferencias.swift in Sources */,
				4AB42B8020890312007F2B30 /* MiPerfilVC.swift in Sources */,
				4A526DDC2097E75700104DF0 /* PreferenciasVC.swift in Sources */,
				4AB42B6E2088E7B6007F2B30 /* ViewController.swift in Sources */,
				4A526DD42097DC4D00104DF0 /* NovedadesVC.swift in Sources */,
				4A526DE02098542F00104DF0 /* BusquedaAvanzadaVC.swift in Sources */,
				4A526DDA2097E44B00104DF0 /* TableViewCellBusqueda.swift in Sources */,
				4A526DD82097E39900104DF0 /* BusquedaVC.swift in Sources */,
				4A526DD62097DE3000104DF0 /* TableViewCell.swift in Sources */,
				4AB42B6C2088E7B6007F2B30 /* AppDelegate.swift in Sources */,
				4AB42B7E2088F853007F2B30 /* SugerirTiendaVC.swift in Sources */,
			);
			runOnlyForDeploymentPostprocessing = 0;
		};
/* End PBXSourcesBuildPhase section */

/* Begin PBXVariantGroup section */
		4AB42B6F2088E7B6007F2B30 /* Main.storyboard */ = {
			isa = PBXVariantGroup;
			children = (
				4AB42B702088E7B6007F2B30 /* Base */,
			);
			name = Main.storyboard;
			sourceTree = "<group>";
		};
		4AB42B742088E7B6007F2B30 /* LaunchScreen.storyboard */ = {
			isa = PBXVariantGroup;
			children = (
				4AB42B752088E7B6007F2B30 /* Base */,
			);
			name = LaunchScreen.storyboard;
			sourceTree = "<group>";
		};
/* End PBXVariantGroup section */

/* Begin XCBuildConfiguration section */
		4AB42B782088E7B6007F2B30 /* Debug */ = {
			isa = XCBuildConfiguration;
			buildSettings = {
				ALWAYS_SEARCH_USER_PATHS = NO;
				CLANG_ANALYZER_NONNULL = YES;
				CLANG_ANALYZER_NUMBER_OBJECT_CONVERSION = YES_AGGRESSIVE;
				CLANG_CXX_LANGUAGE_STANDARD = "gnu++14";
				CLANG_CXX_LIBRARY = "libc++";
				CLANG_ENABLE_MODULES = YES;
				CLANG_ENABLE_OBJC_ARC = YES;
				CLANG_WARN_BLOCK_CAPTURE_AUTORELEASING = YES;
				CLANG_WARN_BOOL_CONVERSION = YES;
				CLANG_WARN_COMMA = YES;
				CLANG_WARN_CONSTANT_CONVERSION = YES;
				CLANG_WARN_DIRECT_OBJC_ISA_USAGE = YES_ERROR;
				CLANG_WARN_DOCUMENTATION_COMMENTS = YES;
				CLANG_WARN_EMPTY_BODY = YES;
				CLANG_WARN_ENUM_CONVERSION = YES;
				CLANG_WARN_INFINITE_RECURSION = YES;
				CLANG_WARN_INT_CONVERSION = YES;
				CLANG_WARN_NON_LITERAL_NULL_CONVERSION = YES;
				CLANG_WARN_OBJC_LITERAL_CONVERSION = YES;
				CLANG_WARN_OBJC_ROOT_CLASS = YES_ERROR;
				CLANG_WARN_RANGE_LOOP_ANALYSIS = YES;
				CLANG_WARN_STRICT_PROTOTYPES = YES;
				CLANG_WARN_SUSPICIOUS_MOVE = YES;
				CLANG_WARN_UNGUARDED_AVAILABILITY = YES_AGGRESSIVE;
				CLANG_WARN_UNREACHABLE_CODE = YES;
				CLANG_WARN__DUPLICATE_METHOD_MATCH = YES;
				CODE_SIGN_IDENTITY = "iPhone Developer";
				COPY_PHASE_STRIP = NO;
				DEBUG_INFORMATION_FORMAT = dwarf;
				ENABLE_STRICT_OBJC_MSGSEND = YES;
				ENABLE_TESTABILITY = YES;
				GCC_C_LANGUAGE_STANDARD = gnu11;
				GCC_DYNAMIC_NO_PIC = NO;
				GCC_NO_COMMON_BLOCKS = YES;
				GCC_OPTIMIZATION_LEVEL = 0;
				GCC_PREPROCESSOR_DEFINITIONS = (
					"DEBUG=1",
					"$(inherited)",
				);
				GCC_WARN_64_TO_32_BIT_CONVERSION = YES;
				GCC_WARN_ABOUT_RETURN_TYPE = YES_ERROR;
				GCC_WARN_UNDECLARED_SELECTOR = YES;
				GCC_WARN_UNINITIALIZED_AUTOS = YES_AGGRESSIVE;
				GCC_WARN_UNUSED_FUNCTION = YES;
				GCC_WARN_UNUSED_VARIABLE = YES;
				IPHONEOS_DEPLOYMENT_TARGET = 11.2;
				MTL_ENABLE_DEBUG_INFO = YES;
				ONLY_ACTIVE_ARCH = YES;
				SDKROOT = iphoneos;
				SWIFT_ACTIVE_COMPILATION_CONDITIONS = DEBUG;
				SWIFT_OPTIMIZATION_LEVEL = "-Onone";
			};
			name = Debug;
		};
		4AB42B792088E7B6007F2B30 /* Release */ = {
			isa = XCBuildConfiguration;
			buildSettings = {
				ALWAYS_SEARCH_USER_PATHS = NO;
				CLANG_ANALYZER_NONNULL = YES;
				CLANG_ANALYZER_NUMBER_OBJECT_CONVERSION = YES_AGGRESSIVE;
				CLANG_CXX_LANGUAGE_STANDARD = "gnu++14";
				CLANG_CXX_LIBRARY = "libc++";
				CLANG_ENABLE_MODULES = YES;
				CLANG_ENABLE_OBJC_ARC = YES;
				CLANG_WARN_BLOCK_CAPTURE_AUTORELEASING = YES;
				CLANG_WARN_BOOL_CONVERSION = YES;
				CLANG_WARN_COMMA = YES;
				CLANG_WARN_CONSTANT_CONVERSION = YES;
				CLANG_WARN_DIRECT_OBJC_ISA_USAGE = YES_ERROR;
				CLANG_WARN_DOCUMENTATION_COMMENTS = YES;
				CLANG_WARN_EMPTY_BODY = YES;
				CLANG_WARN_ENUM_CONVERSION = YES;
				CLANG_WARN_INFINITE_RECURSION = YES;
				CLANG_WARN_INT_CONVERSION = YES;
				CLANG_WARN_NON_LITERAL_NULL_CONVERSION = YES;
				CLANG_WARN_OBJC_LITERAL_CONVERSION = YES;
				CLANG_WARN_OBJC_ROOT_CLASS = YES_ERROR;
				CLANG_WARN_RANGE_LOOP_ANALYSIS = YES;
				CLANG_WARN_STRICT_PROTOTYPES = YES;
				CLANG_WARN_SUSPICIOUS_MOVE = YES;
				CLANG_WARN_UNGUARDED_AVAILABILITY = YES_AGGRESSIVE;
				CLANG_WARN_UNREACHABLE_CODE = YES;
				CLANG_WARN__DUPLICATE_METHOD_MATCH = YES;
				CODE_SIGN_IDENTITY = "iPhone Developer";
				COPY_PHASE_STRIP = NO;
				DEBUG_INFORMATION_FORMAT = "dwarf-with-dsym";
				ENABLE_NS_ASSERTIONS = NO;
				ENABLE_STRICT_OBJC_MSGSEND = YES;
				GCC_C_LANGUAGE_STANDARD = gnu11;
				GCC_NO_COMMON_BLOCKS = YES;
				GCC_WARN_64_TO_32_BIT_CONVERSION = YES;
				GCC_WARN_ABOUT_RETURN_TYPE = YES_ERROR;
				GCC_WARN_UNDECLARED_SELECTOR = YES;
				GCC_WARN_UNINITIALIZED_AUTOS = YES_AGGRESSIVE;
				GCC_WARN_UNUSED_FUNCTION = YES;
				GCC_WARN_UNUSED_VARIABLE = YES;
				IPHONEOS_DEPLOYMENT_TARGET = 11.2;
				MTL_ENABLE_DEBUG_INFO = NO;
				SDKROOT = iphoneos;
				SWIFT_OPTIMIZATION_LEVEL = "-Owholemodule";
				VALIDATE_PRODUCT = YES;
			};
			name = Release;
		};
		4AB42B7B2088E7B6007F2B30 /* Debug */ = {
			isa = XCBuildConfiguration;
			buildSettings = {
				ASSETCATALOG_COMPILER_APPICON_NAME = AppIcon;
				CODE_SIGN_STYLE = Automatic;
				DEVELOPMENT_TEAM = HL3H5A37LQ;
				INFOPLIST_FILE = BuscaTech/Info.plist;
				LD_RUNPATH_SEARCH_PATHS = "$(inherited) @executable_path/Frameworks";
				PRODUCT_BUNDLE_IDENTIFIER = mx.itesm.BuscaTech;
				PRODUCT_NAME = "$(TARGET_NAME)";
				SWIFT_VERSION = 4.0;
				TARGETED_DEVICE_FAMILY = "1,2";
			};
			name = Debug;
		};
		4AB42B7C2088E7B6007F2B30 /* Release */ = {
			isa = XCBuildConfiguration;
			buildSettings = {
				ASSETCATALOG_COMPILER_APPICON_NAME = AppIcon;
				CODE_SIGN_STYLE = Automatic;
				DEVELOPMENT_TEAM = HL3H5A37LQ;
				INFOPLIST_FILE = BuscaTech/Info.plist;
				LD_RUNPATH_SEARCH_PATHS = "$(inherited) @executable_path/Frameworks";
				PRODUCT_BUNDLE_IDENTIFIER = mx.itesm.BuscaTech;
				PRODUCT_NAME = "$(TARGET_NAME)";
				SWIFT_VERSION = 4.0;
				TARGETED_DEVICE_FAMILY = "1,2";
			};
			name = Release;
		};
/* End XCBuildConfiguration section */

/* Begin XCConfigurationList section */
		4AB42B632088E7B6007F2B30 /* Build configuration list for PBXProject "BuscaTech" */ = {
			isa = XCConfigurationList;
			buildConfigurations = (
				4AB42B782088E7B6007F2B30 /* Debug */,
				4AB42B792088E7B6007F2B30 /* Release */,
			);
			defaultConfigurationIsVisible = 0;
			defaultConfigurationName = Release;
		};
		4AB42B7A2088E7B6007F2B30 /* Build configuration list for PBXNativeTarget "BuscaTech" */ = {
			isa = XCConfigurationList;
			buildConfigurations = (
				4AB42B7B2088E7B6007F2B30 /* Debug */,
				4AB42B7C2088E7B6007F2B30 /* Release */,
			);
			defaultConfigurationIsVisible = 0;
			defaultConfigurationName = Release;
		};
/* End XCConfigurationList section */
	};
	rootObject = 4AB42B602088E7B6007F2B30 /* Project object */;
}
